
Microsoft Visual Studio Solution File, Format Version 12.00
# Visual Studio Version 17
VisualStudioVersion = 17.13.35931.197 d17.13
MinimumVisualStudioVersion = 10.0.40219.1
Project("{FAE04EC0-301F-11D3-BF4B-00C04F79EFBC}") = "InkPos", "InkPos.csproj", "{5A17FDD2-4385-409F-8DDC-B58729CD2BE6}"
EndProject
Global
	GlobalSection(SolutionConfigurationPlatforms) = preSolution
		Debug|Any CPU = Debug|Any CPU
		Release|Any CPU = Release|Any CPU
	EndGlobalSection
	GlobalSection(ProjectConfigurationPlatforms) = postSolution
		{5A17FDD2-4385-409F-8DDC-B58729CD2BE6}.Debug|Any CPU.ActiveCfg = Debug|Any CPU
		{5A17FDD2-4385-409F-8DDC-B58729CD2BE6}.Debug|Any CPU.Build.0 = Debug|Any CPU
		{5A17FDD2-4385-409F-8DDC-B58729CD2BE6}.Release|Any CPU.ActiveCfg = Release|Any CPU
		{5A17FDD2-4385-409F-8DDC-B58729CD2BE6}.Release|Any CPU.Build.0 = Release|Any CPU
	EndGlobalSection
	GlobalSection(SolutionProperties) = preSolution
		HideSolutionNode = FALSE
	EndGlobalSection
	GlobalSection(ExtensibilityGlobals) = postSolution
		SolutionGuid = {0F520BA3-B9AB-4C88-AE38-24D62966FD03}
	EndGlobalSection
EndGlobal
